// !$*UTF8*$!
{
	archiveVersion = 1;
	classes = {
	};
	objectVersion = 52;
	objects = {

/* Begin PBXBuildFile section */
		5074782524187E1A007CEC6A /* AppDelegate.swift in Sources */ = {isa = PBXBuildFile; fileRef = 5074782424187E1A007CEC6A /* AppDelegate.swift */; };
		5074782724187E1A007CEC6A /* SceneDelegate.swift in Sources */ = {isa = PBXBuildFile; fileRef = 5074782624187E1A007CEC6A /* SceneDelegate.swift */; };
		5074782924187E1A007CEC6A /* ViewController.swift in Sources */ = {isa = PBXBuildFile; fileRef = 5074782824187E1A007CEC6A /* ViewController.swift */; };
		5074782C24187E1A007CEC6A /* Main.storyboard in Resources */ = {isa = PBXBuildFile; fileRef = 5074782A24187E1A007CEC6A /* Main.storyboard */; };
		5074782E24187E1A007CEC6A /* Assets.xcassets in Resources */ = {isa = PBXBuildFile; fileRef = 5074782D24187E1A007CEC6A /* Assets.xcassets */; };
		5074783124187E1A007CEC6A /* LaunchScreen.storyboard in Resources */ = {isa = PBXBuildFile; fileRef = 5074782F24187E1A007CEC6A /* LaunchScreen.storyboard */; };
		5074783A24187E7E007CEC6A /* RxSwift in Frameworks */ = {isa = PBXBuildFile; productRef = 5074783924187E7E007CEC6A /* RxSwift */; };
		5074783C24187E7E007CEC6A /* RxCocoa in Frameworks */ = {isa = PBXBuildFile; productRef = 5074783B24187E7E007CEC6A /* RxCocoa */; };
		5074783F24187E8C007CEC6A /* Alamofire in Frameworks */ = {isa = PBXBuildFile; productRef = 5074783E24187E8C007CEC6A /* Alamofire */; };
		5074784124187EB4007CEC6A /* Article.swift in Sources */ = {isa = PBXBuildFile; fileRef = 5074784024187EB4007CEC6A /* Article.swift */; };
		5074784324187EC2007CEC6A /* ArticlesResponse.swift in Sources */ = {isa = PBXBuildFile; fileRef = 5074784224187EC2007CEC6A /* ArticlesResponse.swift */; };
		5074784524187ED9007CEC6A /* NewsViewModel.swift in Sources */ = {isa = PBXBuildFile; fileRef = 5074784424187ED9007CEC6A /* NewsViewModel.swift */; };
		5074784A24188197007CEC6A /* NewsTableViewCell.swift in Sources */ = {isa = PBXBuildFile; fileRef = 5074784924188197007CEC6A /* NewsTableViewCell.swift */; };
		5074784D241882FC007CEC6A /* TableViewCellsIdentifiers.swift in Sources */ = {isa = PBXBuildFile; fileRef = 5074784C241882FC007CEC6A /* TableViewCellsIdentifiers.swift */; };
		5074784F24188411007CEC6A /* UIImageViewExtension.swift in Sources */ = {isa = PBXBuildFile; fileRef = 5074784E24188411007CEC6A /* UIImageViewExtension.swift */; };
		5074785224188445007CEC6A /* ImageLoader.swift in Sources */ = {isa = PBXBuildFile; fileRef = 5074785124188445007CEC6A /* ImageLoader.swift */; };
		5074785A2418C1BB007CEC6A /* ColorPallete.swift in Sources */ = {isa = PBXBuildFile; fileRef = 507478592418C1BB007CEC6A /* ColorPallete.swift */; };
/* End PBXBuildFile section */

/* Begin PBXFileReference section */
		5074782124187E1A007CEC6A /* News.app */ = {isa = PBXFileReference; explicitFileType = wrapper.application; includeInIndex = 0; path = News.app; sourceTree = BUILT_PRODUCTS_DIR; };
		5074782424187E1A007CEC6A /* AppDelegate.swift */ = {isa = PBXFileReference; lastKnownFileType = sourcecode.swift; path = AppDelegate.swift; sourceTree = "<group>"; };
		5074782624187E1A007CEC6A /* SceneDelegate.swift */ = {isa = PBXFileReference; lastKnownFileType = sourcecode.swift; path = SceneDelegate.swift; sourceTree = "<group>"; };
		5074782824187E1A007CEC6A /* ViewController.swift */ = {isa = PBXFileReference; lastKnownFileType = sourcecode.swift; path = ViewController.swift; sourceTree = "<group>"; };
		5074782B24187E1A007CEC6A /* Base */ = {isa = PBXFileReference; lastKnownFileType = file.storyboard; name = Base; path = Base.lproj/Main.storyboard; sourceTree = "<group>"; };
		5074782D24187E1A007CEC6A /* Assets.xcassets */ = {isa = PBXFileReference; lastKnownFileType = folder.assetcatalog; path = Assets.xcassets; sourceTree = "<group>"; };
		5074783024187E1A007CEC6A /* Base */ = {isa = PBXFileReference; lastKnownFileType = file.storyboard; name = Base; path = Base.lproj/LaunchScreen.storyboard; sourceTree = "<group>"; };
		5074783224187E1A007CEC6A /* Info.plist */ = {isa = PBXFileReference; lastKnownFileType = text.plist.xml; path = Info.plist; sourceTree = "<group>"; };
		5074784024187EB4007CEC6A /* Article.swift */ = {isa = PBXFileReference; lastKnownFileType = sourcecode.swift; path = Article.swift; sourceTree = "<group>"; };
		5074784224187EC2007CEC6A /* ArticlesResponse.swift */ = {isa = PBXFileReference; lastKnownFileType = sourcecode.swift; path = ArticlesResponse.swift; sourceTree = "<group>"; };
		5074784424187ED9007CEC6A /* NewsViewModel.swift */ = {isa = PBXFileReference; lastKnownFileType = sourcecode.swift; path = NewsViewModel.swift; sourceTree = "<group>"; };
		5074784924188197007CEC6A /* NewsTableViewCell.swift */ = {isa = PBXFileReference; lastKnownFileType = sourcecode.swift; path = NewsTableViewCell.swift; sourceTree = "<group>"; };
		5074784C241882FC007CEC6A /* TableViewCellsIdentifiers.swift */ = {isa = PBXFileReference; lastKnownFileType = sourcecode.swift; path = TableViewCellsIdentifiers.swift; sourceTree = "<group>"; };
		5074784E24188411007CEC6A /* UIImageViewExtension.swift */ = {isa = PBXFileReference; lastKnownFileType = sourcecode.swift; path = UIImageViewExtension.swift; sourceTree = "<group>"; };
		5074785124188445007CEC6A /* ImageLoader.swift */ = {isa = PBXFileReference; lastKnownFileType = sourcecode.swift; path = ImageLoader.swift; sourceTree = "<group>"; };
		507478592418C1BB007CEC6A /* ColorPallete.swift */ = {isa = PBXFileReference; lastKnownFileType = sourcecode.swift; path = ColorPallete.swift; sourceTree = "<group>"; };
/* End PBXFileReference section */

/* Begin PBXFrameworksBuildPhase section */
		5074781E24187E1A007CEC6A /* Frameworks */ = {
			isa = PBXFrameworksBuildPhase;
			buildActionMask = 2147483647;
			files = (
				5074783F24187E8C007CEC6A /* Alamofire in Frameworks */,
				5074783C24187E7E007CEC6A /* RxCocoa in Frameworks */,
				5074783A24187E7E007CEC6A /* RxSwift in Frameworks */,
			);
			runOnlyForDeploymentPostprocessing = 0;
		};
/* End PBXFrameworksBuildPhase section */

/* Begin PBXGroup section */
		5074781824187E19007CEC6A = {
			isa = PBXGroup;
			children = (
				5074782324187E1A007CEC6A /* News */,
				5074782224187E1A007CEC6A /* Products */,
			);
			sourceTree = "<group>";
		};
		5074782224187E1A007CEC6A /* Products */ = {
			isa = PBXGroup;
			children = (
				5074782124187E1A007CEC6A /* News.app */,
			);
			name = Products;
			sourceTree = "<group>";
		};
		5074782324187E1A007CEC6A /* News */ = {
			isa = PBXGroup;
			children = (
				5074784B241881A8007CEC6A /* Views */,
				5074784824187FA4007CEC6A /* ViewControllers */,
				5074784724187F9F007CEC6A /* ViewModels */,
				5074784624187F51007CEC6A /* Models */,
				5074785024188416007CEC6A /* Extensions */,
				50EC1CBB2418C8D10043C693 /* Support */,
			);
			path = News;
			sourceTree = "<group>";
		};
		5074784624187F51007CEC6A /* Models */ = {
			isa = PBXGroup;
			children = (
				5074784224187EC2007CEC6A /* ArticlesResponse.swift */,
				5074784024187EB4007CEC6A /* Article.swift */,
			);
			path = Models;
			sourceTree = "<group>";
		};
		5074784724187F9F007CEC6A /* ViewModels */ = {
			isa = PBXGroup;
			children = (
				5074784424187ED9007CEC6A /* NewsViewModel.swift */,
			);
			path = ViewModels;
			sourceTree = "<group>";
		};
		5074784824187FA4007CEC6A /* ViewControllers */ = {
			isa = PBXGroup;
			children = (
				5074782824187E1A007CEC6A /* ViewController.swift */,
			);
			path = ViewControllers;
			sourceTree = "<group>";
		};
		5074784B241881A8007CEC6A /* Views */ = {
			isa = PBXGroup;
			children = (
				5074782A24187E1A007CEC6A /* Main.storyboard */,
				5074784924188197007CEC6A /* NewsTableViewCell.swift */,
			);
			path = Views;
			sourceTree = "<group>";
		};
		5074785024188416007CEC6A /* Extensions */ = {
			isa = PBXGroup;
			children = (
				5074784E24188411007CEC6A /* UIImageViewExtension.swift */,
				5074785124188445007CEC6A /* ImageLoader.swift */,
				5074784C241882FC007CEC6A /* TableViewCellsIdentifiers.swift */,
				507478592418C1BB007CEC6A /* ColorPallete.swift */,
			);
			path = Extensions;
			sourceTree = "<group>";
		};
		50EC1CBB2418C8D10043C693 /* Support */ = {
			isa = PBXGroup;
			children = (
				5074782424187E1A007CEC6A /* AppDelegate.swift */,
				5074782624187E1A007CEC6A /* SceneDelegate.swift */,
				5074782D24187E1A007CEC6A /* Assets.xcassets */,
				5074782F24187E1A007CEC6A /* LaunchScreen.storyboard */,
				5074783224187E1A007CEC6A /* Info.plist */,
			);
			path = Support;
			sourceTree = "<group>";
		};
/* End PBXGroup section */

/* Begin PBXNativeTarget section */
		5074782024187E1A007CEC6A /* News */ = {
			isa = PBXNativeTarget;
			buildConfigurationList = 5074783524187E1A007CEC6A /* Build configuration list for PBXNativeTarget "News" */;
			buildPhases = (
				5074781D24187E1A007CEC6A /* Sources */,
				5074781E24187E1A007CEC6A /* Frameworks */,
				5074781F24187E1A007CEC6A /* Resources */,
			);
			buildRules = (
			);
			dependencies = (
			);
			name = News;
			packageProductDependencies = (
				5074783924187E7E007CEC6A /* RxSwift */,
				5074783B24187E7E007CEC6A /* RxCocoa */,
				5074783E24187E8C007CEC6A /* Alamofire */,
			);
			productName = News;
			productReference = 5074782124187E1A007CEC6A /* News.app */;
			productType = "com.apple.product-type.application";
		};
/* End PBXNativeTarget section */

/* Begin PBXProject section */
		5074781924187E19007CEC6A /* Project object */ = {
			isa = PBXProject;
			attributes = {
				LastSwiftUpdateCheck = 1130;
				LastUpgradeCheck = 1130;
				ORGANIZATIONNAME = "Maxim Zheleznyy";
				TargetAttributes = {
					5074782024187E1A007CEC6A = {
						CreatedOnToolsVersion = 11.3.1;
					};
				};
			};
			buildConfigurationList = 5074781C24187E19007CEC6A /* Build configuration list for PBXProject "News" */;
			compatibilityVersion = "Xcode 9.3";
			developmentRegion = en;
			hasScannedForEncodings = 0;
			knownRegions = (
				en,
				Base,
			);
			mainGroup = 5074781824187E19007CEC6A;
			packageReferences = (
				5074783824187E7E007CEC6A /* XCRemoteSwiftPackageReference "RxSwift" */,
				5074783D24187E8C007CEC6A /* XCRemoteSwiftPackageReference "Alamofire" */,
			);
			productRefGroup = 5074782224187E1A007CEC6A /* Products */;
			projectDirPath = "";
			projectRoot = "";
			targets = (
				5074782024187E1A007CEC6A /* News */,
			);
		};
/* End PBXProject section */

/* Begin PBXResourcesBuildPhase section */
		5074781F24187E1A007CEC6A /* Resources */ = {
			isa = PBXResourcesBuildPhase;
			buildActionMask = 2147483647;
			files = (
				5074783124187E1A007CEC6A /* LaunchScreen.storyboard in Resources */,
				5074782E24187E1A007CEC6A /* Assets.xcassets in Resources */,
				5074782C24187E1A007CEC6A /* Main.storyboard in Resources */,
			);
			runOnlyForDeploymentPostprocessing = 0;
		};
/* End PBXResourcesBuildPhase section */

/* Begin PBXSourcesBuildPhase section */
		5074781D24187E1A007CEC6A /* Sources */ = {
			isa = PBXSourcesBuildPhase;
			buildActionMask = 2147483647;
			files = (
				5074784124187EB4007CEC6A /* Article.swift in Sources */,
				5074784A24188197007CEC6A /* NewsTableViewCell.swift in Sources */,
				5074784524187ED9007CEC6A /* NewsViewModel.swift in Sources */,
				5074782924187E1A007CEC6A /* ViewController.swift in Sources */,
				5074782524187E1A007CEC6A /* AppDelegate.swift in Sources */,
				5074784F24188411007CEC6A /* UIImageViewExtension.swift in Sources */,
				5074785224188445007CEC6A /* ImageLoader.swift in Sources */,
				5074785A2418C1BB007CEC6A /* ColorPallete.swift in Sources */,
				5074782724187E1A007CEC6A /* SceneDelegate.swift in Sources */,
				5074784D241882FC007CEC6A /* TableViewCellsIdentifiers.swift in Sources */,
				5074784324187EC2007CEC6A /* ArticlesResponse.swift in Sources */,
			);
			runOnlyForDeploymentPostprocessing = 0;
		};
/* End PBXSourcesBuildPhase section */

/* Begin PBXVariantGroup section */
		5074782A24187E1A007CEC6A /* Main.storyboard */ = {
			isa = PBXVariantGroup;
			children = (
				5074782B24187E1A007CEC6A /* Base */,
			);
			name = Main.storyboard;
			sourceTree = "<group>";
		};
		5074782F24187E1A007CEC6A /* LaunchScreen.storyboard */ = {
			isa = PBXVariantGroup;
			children = (
				5074783024187E1A007CEC6A /* Base */,
			);
			name = LaunchScreen.storyboard;
			sourceTree = "<group>";
		};
/* End PBXVariantGroup section */

/* Begin XCBuildConfiguration section */
		5074783324187E1A007CEC6A /* Debug */ = {
			isa = XCBuildConfiguration;
			buildSettings = {
				ALWAYS_SEARCH_USER_PATHS = NO;
				CLANG_ANALYZER_NONNULL = YES;
				CLANG_ANALYZER_NUMBER_OBJECT_CONVERSION = YES_AGGRESSIVE;
				CLANG_CXX_LANGUAGE_STANDARD = "gnu++14";
				CLANG_CXX_LIBRARY = "libc++";
				CLANG_ENABLE_MODULES = YES;
				CLANG_ENABLE_OBJC_ARC = YES;
				CLANG_ENABLE_OBJC_WEAK = YES;
				CLANG_WARN_BLOCK_CAPTURE_AUTORELEASING = YES;
				CLANG_WARN_BOOL_CONVERSION = YES;
				CLANG_WARN_COMMA = YES;
				CLANG_WARN_CONSTANT_CONVERSION = YES;
				CLANG_WARN_DEPRECATED_OBJC_IMPLEMENTATIONS = YES;
				CLANG_WARN_DIRECT_OBJC_ISA_USAGE = YES_ERROR;
				CLANG_WARN_DOCUMENTATION_COMMENTS = YES;
				CLANG_WARN_EMPTY_BODY = YES;
				CLANG_WARN_ENUM_CONVERSION = YES;
				CLANG_WARN_INFINITE_RECURSION = YES;
				CLANG_WARN_INT_CONVERSION = YES;
				CLANG_WARN_NON_LITERAL_NULL_CONVERSION = YES;
				CLANG_WARN_OBJC_IMPLICIT_RETAIN_SELF = YES;
				CLANG_WARN_OBJC_LITERAL_CONVERSION = YES;
				CLANG_WARN_OBJC_ROOT_CLASS = YES_ERROR;
				CLANG_WARN_RANGE_LOOP_ANALYSIS = YES;
				CLANG_WARN_STRICT_PROTOTYPES = YES;
				CLANG_WARN_SUSPICIOUS_MOVE = YES;
				CLANG_WARN_UNGUARDED_AVAILABILITY = YES_AGGRESSIVE;
				CLANG_WARN_UNREACHABLE_CODE = YES;
				CLANG_WARN__DUPLICATE_METHOD_MATCH = YES;
				COPY_PHASE_STRIP = NO;
				DEBUG_INFORMATION_FORMAT = dwarf;
				ENABLE_STRICT_OBJC_MSGSEND = YES;
				ENABLE_TESTABILITY = YES;
				GCC_C_LANGUAGE_STANDARD = gnu11;
				GCC_DYNAMIC_NO_PIC = NO;
				GCC_NO_COMMON_BLOCKS = YES;
				GCC_OPTIMIZATION_LEVEL = 0;
				GCC_PREPROCESSOR_DEFINITIONS = (
					"DEBUG=1",
					"$(inherited)",
				);
				GCC_WARN_64_TO_32_BIT_CONVERSION = YES;
				GCC_WARN_ABOUT_RETURN_TYPE = YES_ERROR;
				GCC_WARN_UNDECLARED_SELECTOR = YES;
				GCC_WARN_UNINITIALIZED_AUTOS = YES_AGGRESSIVE;
				GCC_WARN_UNUSED_FUNCTION = YES;
				GCC_WARN_UNUSED_VARIABLE = YES;
				IPHONEOS_DEPLOYMENT_TARGET = 13.2;
				MTL_ENABLE_DEBUG_INFO = INCLUDE_SOURCE;
				MTL_FAST_MATH = YES;
				ONLY_ACTIVE_ARCH = YES;
				SDKROOT = iphoneos;
				SWIFT_ACTIVE_COMPILATION_CONDITIONS = DEBUG;
				SWIFT_OPTIMIZATION_LEVEL = "-Onone";
			};
			name = Debug;
		};
		5074783424187E1A007CEC6A /* Release */ = {
			isa = XCBuildConfiguration;
			buildSettings = {
				ALWAYS_SEARCH_USER_PATHS = NO;
				CLANG_ANALYZER_NONNULL = YES;
				CLANG_ANALYZER_NUMBER_OBJECT_CONVERSION = YES_AGGRESSIVE;
				CLANG_CXX_LANGUAGE_STANDARD = "gnu++14";
				CLANG_CXX_LIBRARY = "libc++";
				CLANG_ENABLE_MODULES = YES;
				CLANG_ENABLE_OBJC_ARC = YES;
				CLANG_ENABLE_OBJC_WEAK = YES;
				CLANG_WARN_BLOCK_CAPTURE_AUTORELEASING = YES;
				CLANG_WARN_BOOL_CONVERSION = YES;
				CLANG_WARN_COMMA = YES;
				CLANG_WARN_CONSTANT_CONVERSION = YES;
				CLANG_WARN_DEPRECATED_OBJC_IMPLEMENTATIONS = YES;
				CLANG_WARN_DIRECT_OBJC_ISA_USAGE = YES_ERROR;
				CLANG_WARN_DOCUMENTATION_COMMENTS = YES;
				CLANG_WARN_EMPTY_BODY = YES;
				CLANG_WARN_ENUM_CONVERSION = YES;
				CLANG_WARN_INFINITE_RECURSION = YES;
				CLANG_WARN_INT_CONVERSION = YES;
				CLANG_WARN_NON_LITERAL_NULL_CONVERSION = YES;
				CLANG_WARN_OBJC_IMPLICIT_RETAIN_SELF = YES;
				CLANG_WARN_OBJC_LITERAL_CONVERSION = YES;
				CLANG_WARN_OBJC_ROOT_CLASS = YES_ERROR;
				CLANG_WARN_RANGE_LOOP_ANALYSIS = YES;
				CLANG_WARN_STRICT_PROTOTYPES = YES;
				CLANG_WARN_SUSPICIOUS_MOVE = YES;
				CLANG_WARN_UNGUARDED_AVAILABILITY = YES_AGGRESSIVE;
				CLANG_WARN_UNREACHABLE_CODE = YES;
				CLANG_WARN__DUPLICATE_METHOD_MATCH = YES;
				COPY_PHASE_STRIP = NO;
				DEBUG_INFORMATION_FORMAT = "dwarf-with-dsym";
				ENABLE_NS_ASSERTIONS = NO;
				ENABLE_STRICT_OBJC_MSGSEND = YES;
				GCC_C_LANGUAGE_STANDARD = gnu11;
				GCC_NO_COMMON_BLOCKS = YES;
				GCC_WARN_64_TO_32_BIT_CONVERSION = YES;
				GCC_WARN_ABOUT_RETURN_TYPE = YES_ERROR;
				GCC_WARN_UNDECLARED_SELECTOR = YES;
				GCC_WARN_UNINITIALIZED_AUTOS = YES_AGGRESSIVE;
				GCC_WARN_UNUSED_FUNCTION = YES;
				GCC_WARN_UNUSED_VARIABLE = YES;
				IPHONEOS_DEPLOYMENT_TARGET = 13.2;
				MTL_ENABLE_DEBUG_INFO = NO;
				MTL_FAST_MATH = YES;
				SDKROOT = iphoneos;
				SWIFT_COMPILATION_MODE = wholemodule;
				SWIFT_OPTIMIZATION_LEVEL = "-O";
				VALIDATE_PRODUCT = YES;
			};
			name = Release;
		};
		5074783624187E1A007CEC6A /* Debug */ = {
			isa = XCBuildConfiguration;
			buildSettings = {
				ASSETCATALOG_COMPILER_APPICON_NAME = AppIcon;
				CODE_SIGN_STYLE = Automatic;
				DEVELOPMENT_TEAM = M5GNN3BNG3;
				INFOPLIST_FILE = News/Support/Info.plist;
				LD_RUNPATH_SEARCH_PATHS = (
					"$(inherited)",
					"@executable_path/Frameworks",
				);
				PRODUCT_BUNDLE_IDENTIFIER = com.maxzheleznyy.News;
				PRODUCT_NAME = "$(TARGET_NAME)";
				SWIFT_VERSION = 5.0;
				TARGETED_DEVICE_FAMILY = "1,2";
			};
			name = Debug;
		};
		5074783724187E1A007CEC6A /* Release */ = {
			isa = XCBuildConfiguration;
			buildSettings = {
				ASSETCATALOG_COMPILER_APPICON_NAME = AppIcon;
				CODE_SIGN_STYLE = Automatic;
				DEVELOPMENT_TEAM = M5GNN3BNG3;
				INFOPLIST_FILE = News/Support/Info.plist;
				LD_RUNPATH_SEARCH_PATHS = (
					"$(inherited)",
					"@executable_path/Frameworks",
				);
				PRODUCT_BUNDLE_IDENTIFIER = com.maxzheleznyy.News;
				PRODUCT_NAME = "$(TARGET_NAME)";
				SWIFT_VERSION = 5.0;
				TARGETED_DEVICE_FAMILY = "1,2";
			};
			name = Release;
		};
/* End XCBuildConfiguration section */

/* Begin XCConfigurationList section */
		5074781C24187E19007CEC6A /* Build configuration list for PBXProject "News" */ = {
			isa = XCConfigurationList;
			buildConfigurations = (
				5074783324187E1A007CEC6A /* Debug */,
				5074783424187E1A007CEC6A /* Release */,
			);
			defaultConfigurationIsVisible = 0;
			defaultConfigurationName = Release;
		};
		5074783524187E1A007CEC6A /* Build configuration list for PBXNativeTarget "News" */ = {
			isa = XCConfigurationList;
			buildConfigurations = (
				5074783624187E1A007CEC6A /* Debug */,
				5074783724187E1A007CEC6A /* Release */,
			);
			defaultConfigurationIsVisible = 0;
			defaultConfigurationName = Release;
		};
/* End XCConfigurationList section */

/* Begin XCRemoteSwiftPackageReference section */
		5074783824187E7E007CEC6A /* XCRemoteSwiftPackageReference "RxSwift" */ = {
			isa = XCRemoteSwiftPackageReference;
			repositoryURL = "https://github.com/ReactiveX/RxSwift.git";
			requirement = {
				kind = upToNextMajorVersion;
				minimumVersion = 5.1.0;
			};
		};
		5074783D24187E8C007CEC6A /* XCRemoteSwiftPackageReference "Alamofire" */ = {
			isa = XCRemoteSwiftPackageReference;
			repositoryURL = "https://github.com/Alamofire/Alamofire.git";
			requirement = {
				kind = upToNextMajorVersion;
				minimumVersion = 5.0.2;
			};
		};
/* End XCRemoteSwiftPackageReference section */

/* Begin XCSwiftPackageProductDependency section */
		5074783924187E7E007CEC6A /* RxSwift */ = {
			isa = XCSwiftPackageProductDependency;
			package = 5074783824187E7E007CEC6A /* XCRemoteSwiftPackageReference "RxSwift" */;
			productName = RxSwift;
		};
		5074783B24187E7E007CEC6A /* RxCocoa */ = {
			isa = XCSwiftPackageProductDependency;
			package = 5074783824187E7E007CEC6A /* XCRemoteSwiftPackageReference "RxSwift" */;
			productName = RxCocoa;
		};
		5074783E24187E8C007CEC6A /* Alamofire */ = {
			isa = XCSwiftPackageProductDependency;
			package = 5074783D24187E8C007CEC6A /* XCRemoteSwiftPackageReference "Alamofire" */;
			productName = Alamofire;
		};
/* End XCSwiftPackageProductDependency section */
	};
	rootObject = 5074781924187E19007CEC6A /* Project object */;
}
